
Microsoft Visual Studio Solution File, Format Version 12.00
# Visual Studio Version 17
VisualStudioVersion = 17.14.36915.13 d17.14
MinimumVisualStudioVersion = 10.0.40219.1
Project("{888888A0-9F3D-457C-B088-3A5042F75D52}") = "TitanHelp.Backend", "backend\TitanHelp.Backend\TitanHelp.Backend.pyproj", "{7A0A6CA8-B290-451A-8016-20EE79580411}"
EndProject
Global
	GlobalSection(SolutionConfigurationPlatforms) = preSolution
		Debug|Any CPU = Debug|Any CPU
		Release|Any CPU = Release|Any CPU
	EndGlobalSection
	GlobalSection(ProjectConfigurationPlatforms) = postSolution
		{7A0A6CA8-B290-451A-8016-20EE79580411}.Debug|Any CPU.ActiveCfg = Debug|Any CPU
		{7A0A6CA8-B290-451A-8016-20EE79580411}.Release|Any CPU.ActiveCfg = Release|Any CPU
	EndGlobalSection
	GlobalSection(SolutionProperties) = preSolution
		HideSolutionNode = FALSE
	EndGlobalSection
	GlobalSection(ExtensibilityGlobals) = postSolution
		SolutionGuid = {7AE62A4B-FC8F-48C1-9C06-0BF954FECE62}
	EndGlobalSection
EndGlobal
